<?xml version="1.0" encoding="utf-8"?>
<Project ToolsVersion="4.0" xmlns="http://schemas.microsoft.com/developer/msbuild/2003">
  <ItemGroup>
    <ClCompile Include="main.cpp" />
    <ClCompile Include="unit_tests.cpp" />
    <ClCompile Include="operators_generation_checks.cpp" />
    <ClCompile Include="algorithms_generation_checks.cpp" />
    <ClCompile Include="traits_static_asserts.cpp" />
    <ClCompile Include="swizzle_generator.cpp" />
  </ItemGroup>
  <ItemGroup>
    <Filter Include="hlsl">
      <UniqueIdentifier>{793205f7-0ea7-4d46-91bf-36b1d5b19c8a}</UniqueIdentifier>
    </Filter>
    <Filter Include="Asm">
      <UniqueIdentifier>{f66e43c1-950f-4cc6-af51-7f56b70a4070}</UniqueIdentifier>
    </Filter>
    <Filter Include="hlslm">
      <UniqueIdentifier>{ef3f062e-c2a4-44a7-8e51-11826d3687eb}</UniqueIdentifier>
    </Filter>
    <Filter Include="hlslm\details">
      <UniqueIdentifier>{338e3637-ca30-46ba-aea6-1d78359d777a}</UniqueIdentifier>
    </Filter>
  </ItemGroup>
  <ItemGroup>
    <ClInclude Include="hlsl\float_xvector.hpp">
      <Filter>hlsl</Filter>
    </ClInclude>
    <ClInclude Include="hlsl\float_math.hpp">
      <Filter>hlsl</Filter>
    </ClInclude>
    <ClInclude Include="hlsl\hlsl.hpp">
      <Filter>hlsl</Filter>
    </ClInclude>
    <ClInclude Include="hlsl\math.hpp">
      <Filter>hlsl</Filter>
    </ClInclude>
    <ClInclude Include="hlsl\traits.hpp">
      <Filter>hlsl</Filter>
    </ClInclude>
    <ClInclude Include="hlsl\matrix.hpp">
      <Filter>hlsl</Filter>
    </ClInclude>
    <ClInclude Include="hlsl\vector.hpp">
      <Filter>hlsl</Filter>
    </ClInclude>
    <ClInclude Include="hlsl\array_traits.hpp">
      <Filter>hlsl</Filter>
    </ClInclude>
    <ClInclude Include="hlsl\xvector_operators.hpp">
      <Filter>hlsl</Filter>
    </ClInclude>
    <ClInclude Include="hlsl\vector_operators.hpp">
      <Filter>hlsl</Filter>
    </ClInclude>
    <ClInclude Include="hlsl\load_store.hpp">
      <Filter>hlsl</Filter>
    </ClInclude>
    <ClInclude Include="hlsl\xm_traits.hpp">
      <Filter>hlsl</Filter>
    </ClInclude>
    <ClInclude Include="hlslm\xmmatrix.hpp">
      <Filter>hlslm</Filter>
    </ClInclude>
    <ClInclude Include="hlslm\xmvector.hpp">
      <Filter>hlslm</Filter>
    </ClInclude>
    <ClInclude Include="hlslm\detail\mpl.hpp">
      <Filter>hlslm\details</Filter>
    </ClInclude>
    <ClInclude Include="hlslm\detail\swizzles_def_2.h">
      <Filter>hlslm\details</Filter>
    </ClInclude>
    <ClInclude Include="hlslm\detail\swizzles_def_3.h">
      <Filter>hlslm\details</Filter>
    </ClInclude>
    <ClInclude Include="hlslm\detail\swizzles_def_4.h">
      <Filter>hlslm\details</Filter>
    </ClInclude>
    <ClInclude Include="hlslm\hlsl.hpp">
      <Filter>hlslm</Filter>
    </ClInclude>
    <ClInclude Include="hlslm\detail\special_swizzle.h">
      <Filter>hlslm\details</Filter>
    </ClInclude>
    <ClInclude Include="hlslm\detail\old_stuff.h">
      <Filter>hlslm\details</Filter>
    </ClInclude>
    <ClInclude Include="hlslm\xmoperators.hpp">
      <Filter>hlslm</Filter>
    </ClInclude>
    <ClInclude Include="hlslm\xmconstants.hpp">
      <Filter>hlslm</Filter>
    </ClInclude>
    <ClInclude Include="hlslm\xmswizzler.hpp">
      <Filter>hlslm</Filter>
    </ClInclude>
    <ClInclude Include="hlslm\detail\vector_math.h">
      <Filter>hlslm\details</Filter>
    </ClInclude>
    <ClInclude Include="hlslm\load_store.hpp">
      <Filter>hlslm</Filter>
    </ClInclude>
    <ClInclude Include="hlslm\traits.hpp">
      <Filter>hlslm</Filter>
    </ClInclude>
    <ClInclude Include="hlslm\storage_classes.hpp">
      <Filter>hlslm</Filter>
    </ClInclude>
  </ItemGroup>
  <ItemGroup>
    <None Include="Release\algorithms_generation_checks.asm">
      <Filter>Asm</Filter>
    </None>
    <None Include="Release\operators_generation_checks.asm">
      <Filter>Asm</Filter>
    </None>
    <None Include="hlslm\detail\xmvector_impl.inl">
      <Filter>hlslm\details</Filter>
    </None>
  </ItemGroup>
  <ItemGroup>
    <Text Include="operators_generation_checks.txt" />
  </ItemGroup>
</Project>